PODS:
  - CellularModelDataSource (5.1.0):
    - CellularModelDataSource/Core (= 5.1.0)
  - CellularModelDataSource/Core (5.1.0)

DEPENDENCIES:
  - CellularModelDataSource (from `../`)

EXTERNAL SOURCES:
  CellularModelDataSource:
    :path: "../"

SPEC CHECKSUMS:
  CellularModelDataSource: e9e9a1ccb3459f594df5a47f0ed60341b0d59af5

PODFILE CHECKSUM: 4289aed542f708e14d1f2b245194bb9a4987ce40

COCOAPODS: 1.6.1
