PODS:
  - CellularModelDataSource (5.1.0):
    - CellularModelDataSource/Core (= 5.1.0)
  - CellularModelDataSource/Core (5.1.0)

DEPENDENCIES:
  - CellularModelDataSource (from `../`)

EXTERNAL SOURCES:
  CellularModelDataSource:
    :path: "../"

SPEC CHECKSUMS:
  CellularModelDataSource: f3188e94ba5eb2dd44b80606fb5666712629effa

PODFILE CHECKSUM: 4289aed542f708e14d1f2b245194bb9a4987ce40

COCOAPODS: 1.6.1
